// !$*UTF8*$!
{
	archiveVersion = 1;
	classes = {
	};
	objectVersion = 55;
	objects = {

/* Begin PBXBuildFile section */
		63BFFED328C09B120045D44A /* SnapKit in Frameworks */ = {isa = PBXBuildFile; productRef = 63BFFED228C09B120045D44A /* SnapKit */; };
		63BFFED628C09B3B0045D44A /* Realm in Frameworks */ = {isa = PBXBuildFile; productRef = 63BFFED528C09B3B0045D44A /* Realm */; };
		63BFFED828C09B3B0045D44A /* RealmSwift in Frameworks */ = {isa = PBXBuildFile; productRef = 63BFFED728C09B3B0045D44A /* RealmSwift */; };
		63BFFEDB28C09B870045D44A /* BaseViewController.swift in Sources */ = {isa = PBXBuildFile; fileRef = 63BFFEDA28C09B870045D44A /* BaseViewController.swift */; };
		63BFFEDD28C09B8F0045D44A /* BaseView.swift in Sources */ = {isa = PBXBuildFile; fileRef = 63BFFEDC28C09B8F0045D44A /* BaseView.swift */; };
		63BFFEDF28C09BC10045D44A /* BaseTableViewCell.swift in Sources */ = {isa = PBXBuildFile; fileRef = 63BFFEDE28C09BC10045D44A /* BaseTableViewCell.swift */; };
		63BFFEE628C09DB20045D44A /* PopupView.swift in Sources */ = {isa = PBXBuildFile; fileRef = 63BFFEE528C09DB20045D44A /* PopupView.swift */; };
		63BFFEE928C09DC80045D44A /* WriteView.swift in Sources */ = {isa = PBXBuildFile; fileRef = 63BFFEE828C09DC80045D44A /* WriteView.swift */; };
		63BFFEEB28C09DED0045D44A /* MemoTableViewCell.swift in Sources */ = {isa = PBXBuildFile; fileRef = 63BFFEEA28C09DED0045D44A /* MemoTableViewCell.swift */; };
		63BFFEEE28C0A07C0045D44A /* ReusableProtocol.swift in Sources */ = {isa = PBXBuildFile; fileRef = 63BFFEED28C0A07C0045D44A /* ReusableProtocol.swift */; };
		63BFFEF128C0D9AD0045D44A /* RealmModel.swift in Sources */ = {isa = PBXBuildFile; fileRef = 63BFFEF028C0D9AD0045D44A /* RealmModel.swift */; };
		63BFFEF328C0DB6E0045D44A /* UserMemoRepository.swift in Sources */ = {isa = PBXBuildFile; fileRef = 63BFFEF228C0DB6E0045D44A /* UserMemoRepository.swift */; };
		63C608F428F97AE900A232F2 /* ShowAlertProtocol.swift in Sources */ = {isa = PBXBuildFile; fileRef = 63C608F328F97AE900A232F2 /* ShowAlertProtocol.swift */; };
		63E1520128BF3E70003822BA /* AppDelegate.swift in Sources */ = {isa = PBXBuildFile; fileRef = 63E1520028BF3E70003822BA /* AppDelegate.swift */; };
		63E1520328BF3E70003822BA /* SceneDelegate.swift in Sources */ = {isa = PBXBuildFile; fileRef = 63E1520228BF3E70003822BA /* SceneDelegate.swift */; };
		63E1520528BF3E70003822BA /* MemoViewController.swift in Sources */ = {isa = PBXBuildFile; fileRef = 63E1520428BF3E70003822BA /* MemoViewController.swift */; };
		63E1520A28BF3E72003822BA /* Assets.xcassets in Resources */ = {isa = PBXBuildFile; fileRef = 63E1520928BF3E72003822BA /* Assets.xcassets */; };
		63E1520D28BF3E72003822BA /* LaunchScreen.storyboard in Resources */ = {isa = PBXBuildFile; fileRef = 63E1520B28BF3E72003822BA /* LaunchScreen.storyboard */; };
		63E1521628BF4152003822BA /* WriteViewController.swift in Sources */ = {isa = PBXBuildFile; fileRef = 63E1521528BF4151003822BA /* WriteViewController.swift */; };
		63E1521828BF415B003822BA /* PopupViewController.swift in Sources */ = {isa = PBXBuildFile; fileRef = 63E1521728BF415B003822BA /* PopupViewController.swift */; };
		63E780FB28F85410006D411C /* MemoViewModel.swift in Sources */ = {isa = PBXBuildFile; fileRef = 63E780FA28F85410006D411C /* MemoViewModel.swift */; };
		63E780FD28F85429006D411C /* Observable.swift in Sources */ = {isa = PBXBuildFile; fileRef = 63E780FC28F85429006D411C /* Observable.swift */; };
/* End PBXBuildFile section */

/* Begin PBXFileReference section */
		63BFFEDA28C09B870045D44A /* BaseViewController.swift */ = {isa = PBXFileReference; lastKnownFileType = sourcecode.swift; path = BaseViewController.swift; sourceTree = "<group>"; };
		63BFFEDC28C09B8F0045D44A /* BaseView.swift */ = {isa = PBXFileReference; lastKnownFileType = sourcecode.swift; path = BaseView.swift; sourceTree = "<group>"; };
		63BFFEDE28C09BC10045D44A /* BaseTableViewCell.swift */ = {isa = PBXFileReference; lastKnownFileType = sourcecode.swift; path = BaseTableViewCell.swift; sourceTree = "<group>"; };
		63BFFEE528C09DB20045D44A /* PopupView.swift */ = {isa = PBXFileReference; lastKnownFileType = sourcecode.swift; path = PopupView.swift; sourceTree = "<group>"; };
		63BFFEE828C09DC80045D44A /* WriteView.swift */ = {isa = PBXFileReference; lastKnownFileType = sourcecode.swift; path = WriteView.swift; sourceTree = "<group>"; };
		63BFFEEA28C09DED0045D44A /* MemoTableViewCell.swift */ = {isa = PBXFileReference; lastKnownFileType = sourcecode.swift; path = MemoTableViewCell.swift; sourceTree = "<group>"; };
		63BFFEED28C0A07C0045D44A /* ReusableProtocol.swift */ = {isa = PBXFileReference; lastKnownFileType = sourcecode.swift; path = ReusableProtocol.swift; sourceTree = "<group>"; };
		63BFFEF028C0D9AD0045D44A /* RealmModel.swift */ = {isa = PBXFileReference; lastKnownFileType = sourcecode.swift; path = RealmModel.swift; sourceTree = "<group>"; };
		63BFFEF228C0DB6E0045D44A /* UserMemoRepository.swift */ = {isa = PBXFileReference; lastKnownFileType = sourcecode.swift; path = UserMemoRepository.swift; sourceTree = "<group>"; };
		63C608F328F97AE900A232F2 /* ShowAlertProtocol.swift */ = {isa = PBXFileReference; lastKnownFileType = sourcecode.swift; path = ShowAlertProtocol.swift; sourceTree = "<group>"; };
		63E151FD28BF3E70003822BA /* Memo.app */ = {isa = PBXFileReference; explicitFileType = wrapper.application; includeInIndex = 0; path = Memo.app; sourceTree = BUILT_PRODUCTS_DIR; };
		63E1520028BF3E70003822BA /* AppDelegate.swift */ = {isa = PBXFileReference; lastKnownFileType = sourcecode.swift; path = AppDelegate.swift; sourceTree = "<group>"; };
		63E1520228BF3E70003822BA /* SceneDelegate.swift */ = {isa = PBXFileReference; lastKnownFileType = sourcecode.swift; path = SceneDelegate.swift; sourceTree = "<group>"; };
		63E1520428BF3E70003822BA /* MemoViewController.swift */ = {isa = PBXFileReference; lastKnownFileType = sourcecode.swift; path = MemoViewController.swift; sourceTree = "<group>"; };
		63E1520928BF3E72003822BA /* Assets.xcassets */ = {isa = PBXFileReference; lastKnownFileType = folder.assetcatalog; path = Assets.xcassets; sourceTree = "<group>"; };
		63E1520C28BF3E72003822BA /* Base */ = {isa = PBXFileReference; lastKnownFileType = file.storyboard; name = Base; path = Base.lproj/LaunchScreen.storyboard; sourceTree = "<group>"; };
		63E1520E28BF3E72003822BA /* Info.plist */ = {isa = PBXFileReference; lastKnownFileType = text.plist.xml; path = Info.plist; sourceTree = "<group>"; };
		63E1521528BF4151003822BA /* WriteViewController.swift */ = {isa = PBXFileReference; lastKnownFileType = sourcecode.swift; path = WriteViewController.swift; sourceTree = "<group>"; };
		63E1521728BF415B003822BA /* PopupViewController.swift */ = {isa = PBXFileReference; lastKnownFileType = sourcecode.swift; path = PopupViewController.swift; sourceTree = "<group>"; };
		63E780FA28F85410006D411C /* MemoViewModel.swift */ = {isa = PBXFileReference; lastKnownFileType = sourcecode.swift; path = MemoViewModel.swift; sourceTree = "<group>"; };
		63E780FC28F85429006D411C /* Observable.swift */ = {isa = PBXFileReference; lastKnownFileType = sourcecode.swift; path = Observable.swift; sourceTree = "<group>"; };
/* End PBXFileReference section */

/* Begin PBXFrameworksBuildPhase section */
		63E151FA28BF3E70003822BA /* Frameworks */ = {
			isa = PBXFrameworksBuildPhase;
			buildActionMask = 2147483647;
			files = (
				63BFFED828C09B3B0045D44A /* RealmSwift in Frameworks */,
				63BFFED628C09B3B0045D44A /* Realm in Frameworks */,
				63BFFED328C09B120045D44A /* SnapKit in Frameworks */,
			);
			runOnlyForDeploymentPostprocessing = 0;
		};
/* End PBXFrameworksBuildPhase section */

/* Begin PBXGroup section */
		63BFFED928C09B700045D44A /* Utility */ = {
			isa = PBXGroup;
			children = (
				63BFFEDA28C09B870045D44A /* BaseViewController.swift */,
				63BFFEDC28C09B8F0045D44A /* BaseView.swift */,
				63BFFEDE28C09BC10045D44A /* BaseTableViewCell.swift */,
			);
			path = Utility;
			sourceTree = "<group>";
		};
		63BFFEE028C09D7C0045D44A /* Memo */ = {
			isa = PBXGroup;
			children = (
				63C608F228F9783100A232F2 /* View */,
				63C608F128F9782A00A232F2 /* ViewModel */,
			);
			path = Memo;
			sourceTree = "<group>";
		};
		63BFFEE428C09DA00045D44A /* Popup */ = {
			isa = PBXGroup;
			children = (
				63E1521728BF415B003822BA /* PopupViewController.swift */,
				63BFFEE528C09DB20045D44A /* PopupView.swift */,
			);
			path = Popup;
			sourceTree = "<group>";
		};
		63BFFEE728C09DB50045D44A /* Write */ = {
			isa = PBXGroup;
			children = (
				63E1521528BF4151003822BA /* WriteViewController.swift */,
				63BFFEE828C09DC80045D44A /* WriteView.swift */,
			);
			path = Write;
			sourceTree = "<group>";
		};
		63BFFEEC28C0A0670045D44A /* Protocol */ = {
			isa = PBXGroup;
			children = (
				63BFFEED28C0A07C0045D44A /* ReusableProtocol.swift */,
				63C608F328F97AE900A232F2 /* ShowAlertProtocol.swift */,
			);
			path = Protocol;
			sourceTree = "<group>";
		};
		63BFFEEF28C0D99A0045D44A /* Realm */ = {
			isa = PBXGroup;
			children = (
				63BFFEF028C0D9AD0045D44A /* RealmModel.swift */,
				63BFFEF228C0DB6E0045D44A /* UserMemoRepository.swift */,
			);
			path = Realm;
			sourceTree = "<group>";
		};
		63C608F128F9782A00A232F2 /* ViewModel */ = {
			isa = PBXGroup;
			children = (
				63E780FA28F85410006D411C /* MemoViewModel.swift */,
			);
			path = ViewModel;
			sourceTree = "<group>";
		};
		63C608F228F9783100A232F2 /* View */ = {
			isa = PBXGroup;
			children = (
				63E1520428BF3E70003822BA /* MemoViewController.swift */,
				63BFFEEA28C09DED0045D44A /* MemoTableViewCell.swift */,
			);
			path = View;
			sourceTree = "<group>";
		};
		63E151F428BF3E70003822BA = {
			isa = PBXGroup;
			children = (
				63E151FF28BF3E70003822BA /* Memo */,
				63E151FE28BF3E70003822BA /* Products */,
			);
			sourceTree = "<group>";
		};
		63E151FE28BF3E70003822BA /* Products */ = {
			isa = PBXGroup;
			children = (
				63E151FD28BF3E70003822BA /* Memo.app */,
			);
			name = Products;
			sourceTree = "<group>";
		};
		63E151FF28BF3E70003822BA /* Memo */ = {
			isa = PBXGroup;
			children = (
				63E1520028BF3E70003822BA /* AppDelegate.swift */,
				63E1520228BF3E70003822BA /* SceneDelegate.swift */,
				63E780FC28F85429006D411C /* Observable.swift */,
				63BFFEEF28C0D99A0045D44A /* Realm */,
				63BFFEEC28C0A0670045D44A /* Protocol */,
				63BFFED928C09B700045D44A /* Utility */,
				63BFFEE028C09D7C0045D44A /* Memo */,
				63BFFEE728C09DB50045D44A /* Write */,
				63BFFEE428C09DA00045D44A /* Popup */,
				63E1520928BF3E72003822BA /* Assets.xcassets */,
				63E1520B28BF3E72003822BA /* LaunchScreen.storyboard */,
				63E1520E28BF3E72003822BA /* Info.plist */,
			);
			path = Memo;
			sourceTree = "<group>";
		};
/* End PBXGroup section */

/* Begin PBXNativeTarget section */
		63E151FC28BF3E70003822BA /* Memo */ = {
			isa = PBXNativeTarget;
			buildConfigurationList = 63E1521128BF3E72003822BA /* Build configuration list for PBXNativeTarget "Memo" */;
			buildPhases = (
				63E151F928BF3E70003822BA /* Sources */,
				63E151FA28BF3E70003822BA /* Frameworks */,
				63E151FB28BF3E70003822BA /* Resources */,
			);
			buildRules = (
			);
			dependencies = (
			);
			name = Memo;
			packageProductDependencies = (
				63BFFED228C09B120045D44A /* SnapKit */,
				63BFFED528C09B3B0045D44A /* Realm */,
				63BFFED728C09B3B0045D44A /* RealmSwift */,
			);
			productName = Memo;
			productReference = 63E151FD28BF3E70003822BA /* Memo.app */;
			productType = "com.apple.product-type.application";
		};
/* End PBXNativeTarget section */

/* Begin PBXProject section */
		63E151F528BF3E70003822BA /* Project object */ = {
			isa = PBXProject;
			attributes = {
				BuildIndependentTargetsInParallel = 1;
				LastSwiftUpdateCheck = 1340;
				LastUpgradeCheck = 1340;
				TargetAttributes = {
					63E151FC28BF3E70003822BA = {
						CreatedOnToolsVersion = 13.4.1;
					};
				};
			};
			buildConfigurationList = 63E151F828BF3E70003822BA /* Build configuration list for PBXProject "Memo" */;
			compatibilityVersion = "Xcode 13.0";
			developmentRegion = en;
			hasScannedForEncodings = 0;
			knownRegions = (
				en,
				Base,
			);
			mainGroup = 63E151F428BF3E70003822BA;
			packageReferences = (
				63BFFED128C09B120045D44A /* XCRemoteSwiftPackageReference "SnapKit" */,
				63BFFED428C09B3B0045D44A /* XCRemoteSwiftPackageReference "realm-swift" */,
			);
			productRefGroup = 63E151FE28BF3E70003822BA /* Products */;
			projectDirPath = "";
			projectRoot = "";
			targets = (
				63E151FC28BF3E70003822BA /* Memo */,
			);
		};
/* End PBXProject section */

/* Begin PBXResourcesBuildPhase section */
		63E151FB28BF3E70003822BA /* Resources */ = {
			isa = PBXResourcesBuildPhase;
			buildActionMask = 2147483647;
			files = (
				63E1520D28BF3E72003822BA /* LaunchScreen.storyboard in Resources */,
				63E1520A28BF3E72003822BA /* Assets.xcassets in Resources */,
			);
			runOnlyForDeploymentPostprocessing = 0;
		};
/* End PBXResourcesBuildPhase section */

/* Begin PBXSourcesBuildPhase section */
		63E151F928BF3E70003822BA /* Sources */ = {
			isa = PBXSourcesBuildPhase;
			buildActionMask = 2147483647;
			files = (
				63BFFEDF28C09BC10045D44A /* BaseTableViewCell.swift in Sources */,
				63E1521828BF415B003822BA /* PopupViewController.swift in Sources */,
				63BFFEEE28C0A07C0045D44A /* ReusableProtocol.swift in Sources */,
				63BFFEE628C09DB20045D44A /* PopupView.swift in Sources */,
				63E1520528BF3E70003822BA /* MemoViewController.swift in Sources */,
				63BFFEE928C09DC80045D44A /* WriteView.swift in Sources */,
				63E1520128BF3E70003822BA /* AppDelegate.swift in Sources */,
				63BFFEEB28C09DED0045D44A /* MemoTableViewCell.swift in Sources */,
				63E1521628BF4152003822BA /* WriteViewController.swift in Sources */,
				63E780FD28F85429006D411C /* Observable.swift in Sources */,
				63BFFEDD28C09B8F0045D44A /* BaseView.swift in Sources */,
				63BFFEF328C0DB6E0045D44A /* UserMemoRepository.swift in Sources */,
				63E1520328BF3E70003822BA /* SceneDelegate.swift in Sources */,
				63E780FB28F85410006D411C /* MemoViewModel.swift in Sources */,
				63BFFEF128C0D9AD0045D44A /* RealmModel.swift in Sources */,
				63C608F428F97AE900A232F2 /* ShowAlertProtocol.swift in Sources */,
				63BFFEDB28C09B870045D44A /* BaseViewController.swift in Sources */,
			);
			runOnlyForDeploymentPostprocessing = 0;
		};
/* End PBXSourcesBuildPhase section */

/* Begin PBXVariantGroup section */
		63E1520B28BF3E72003822BA /* LaunchScreen.storyboard */ = {
			isa = PBXVariantGroup;
			children = (
				63E1520C28BF3E72003822BA /* Base */,
			);
			name = LaunchScreen.storyboard;
			sourceTree = "<group>";
		};
/* End PBXVariantGroup section */

/* Begin XCBuildConfiguration section */
		63E1520F28BF3E72003822BA /* Debug */ = {
			isa = XCBuildConfiguration;
			buildSettings = {
				ALWAYS_SEARCH_USER_PATHS = NO;
				CLANG_ANALYZER_NONNULL = YES;
				CLANG_ANALYZER_NUMBER_OBJECT_CONVERSION = YES_AGGRESSIVE;
				CLANG_CXX_LANGUAGE_STANDARD = "gnu++17";
				CLANG_ENABLE_MODULES = YES;
				CLANG_ENABLE_OBJC_ARC = YES;
				CLANG_ENABLE_OBJC_WEAK = YES;
				CLANG_WARN_BLOCK_CAPTURE_AUTORELEASING = YES;
				CLANG_WARN_BOOL_CONVERSION = YES;
				CLANG_WARN_COMMA = YES;
				CLANG_WARN_CONSTANT_CONVERSION = YES;
				CLANG_WARN_DEPRECATED_OBJC_IMPLEMENTATIONS = YES;
				CLANG_WARN_DIRECT_OBJC_ISA_USAGE = YES_ERROR;
				CLANG_WARN_DOCUMENTATION_COMMENTS = YES;
				CLANG_WARN_EMPTY_BODY = YES;
				CLANG_WARN_ENUM_CONVERSION = YES;
				CLANG_WARN_INFINITE_RECURSION = YES;
				CLANG_WARN_INT_CONVERSION = YES;
				CLANG_WARN_NON_LITERAL_NULL_CONVERSION = YES;
				CLANG_WARN_OBJC_IMPLICIT_RETAIN_SELF = YES;
				CLANG_WARN_OBJC_LITERAL_CONVERSION = YES;
				CLANG_WARN_OBJC_ROOT_CLASS = YES_ERROR;
				CLANG_WARN_QUOTED_INCLUDE_IN_FRAMEWORK_HEADER = YES;
				CLANG_WARN_RANGE_LOOP_ANALYSIS = YES;
				CLANG_WARN_STRICT_PROTOTYPES = YES;
				CLANG_WARN_SUSPICIOUS_MOVE = YES;
				CLANG_WARN_UNGUARDED_AVAILABILITY = YES_AGGRESSIVE;
				CLANG_WARN_UNREACHABLE_CODE = YES;
				CLANG_WARN__DUPLICATE_METHOD_MATCH = YES;
				COPY_PHASE_STRIP = NO;
				DEBUG_INFORMATION_FORMAT = dwarf;
				ENABLE_STRICT_OBJC_MSGSEND = YES;
				ENABLE_TESTABILITY = YES;
				GCC_C_LANGUAGE_STANDARD = gnu11;
				GCC_DYNAMIC_NO_PIC = NO;
				GCC_NO_COMMON_BLOCKS = YES;
				GCC_OPTIMIZATION_LEVEL = 0;
				GCC_PREPROCESSOR_DEFINITIONS = (
					"DEBUG=1",
					"$(inherited)",
				);
				GCC_WARN_64_TO_32_BIT_CONVERSION = YES;
				GCC_WARN_ABOUT_RETURN_TYPE = YES_ERROR;
				GCC_WARN_UNDECLARED_SELECTOR = YES;
				GCC_WARN_UNINITIALIZED_AUTOS = YES_AGGRESSIVE;
				GCC_WARN_UNUSED_FUNCTION = YES;
				GCC_WARN_UNUSED_VARIABLE = YES;
				IPHONEOS_DEPLOYMENT_TARGET = 15.5;
				MTL_ENABLE_DEBUG_INFO = INCLUDE_SOURCE;
				MTL_FAST_MATH = YES;
				ONLY_ACTIVE_ARCH = YES;
				SDKROOT = iphoneos;
				SWIFT_ACTIVE_COMPILATION_CONDITIONS = DEBUG;
				SWIFT_OPTIMIZATION_LEVEL = "-Onone";
			};
			name = Debug;
		};
		63E1521028BF3E72003822BA /* Release */ = {
			isa = XCBuildConfiguration;
			buildSettings = {
				ALWAYS_SEARCH_USER_PATHS = NO;
				CLANG_ANALYZER_NONNULL = YES;
				CLANG_ANALYZER_NUMBER_OBJECT_CONVERSION = YES_AGGRESSIVE;
				CLANG_CXX_LANGUAGE_STANDARD = "gnu++17";
				CLANG_ENABLE_MODULES = YES;
				CLANG_ENABLE_OBJC_ARC = YES;
				CLANG_ENABLE_OBJC_WEAK = YES;
				CLANG_WARN_BLOCK_CAPTURE_AUTORELEASING = YES;
				CLANG_WARN_BOOL_CONVERSION = YES;
				CLANG_WARN_COMMA = YES;
				CLANG_WARN_CONSTANT_CONVERSION = YES;
				CLANG_WARN_DEPRECATED_OBJC_IMPLEMENTATIONS = YES;
				CLANG_WARN_DIRECT_OBJC_ISA_USAGE = YES_ERROR;
				CLANG_WARN_DOCUMENTATION_COMMENTS = YES;
				CLANG_WARN_EMPTY_BODY = YES;
				CLANG_WARN_ENUM_CONVERSION = YES;
				CLANG_WARN_INFINITE_RECURSION = YES;
				CLANG_WARN_INT_CONVERSION = YES;
				CLANG_WARN_NON_LITERAL_NULL_CONVERSION = YES;
				CLANG_WARN_OBJC_IMPLICIT_RETAIN_SELF = YES;
				CLANG_WARN_OBJC_LITERAL_CONVERSION = YES;
				CLANG_WARN_OBJC_ROOT_CLASS = YES_ERROR;
				CLANG_WARN_QUOTED_INCLUDE_IN_FRAMEWORK_HEADER = YES;
				CLANG_WARN_RANGE_LOOP_ANALYSIS = YES;
				CLANG_WARN_STRICT_PROTOTYPES = YES;
				CLANG_WARN_SUSPICIOUS_MOVE = YES;
				CLANG_WARN_UNGUARDED_AVAILABILITY = YES_AGGRESSIVE;
				CLANG_WARN_UNREACHABLE_CODE = YES;
				CLANG_WARN__DUPLICATE_METHOD_MATCH = YES;
				COPY_PHASE_STRIP = NO;
				DEBUG_INFORMATION_FORMAT = "dwarf-with-dsym";
				ENABLE_NS_ASSERTIONS = NO;
				ENABLE_STRICT_OBJC_MSGSEND = YES;
				GCC_C_LANGUAGE_STANDARD = gnu11;
				GCC_NO_COMMON_BLOCKS = YES;
				GCC_WARN_64_TO_32_BIT_CONVERSION = YES;
				GCC_WARN_ABOUT_RETURN_TYPE = YES_ERROR;
				GCC_WARN_UNDECLARED_SELECTOR = YES;
				GCC_WARN_UNINITIALIZED_AUTOS = YES_AGGRESSIVE;
				GCC_WARN_UNUSED_FUNCTION = YES;
				GCC_WARN_UNUSED_VARIABLE = YES;
				IPHONEOS_DEPLOYMENT_TARGET = 15.5;
				MTL_ENABLE_DEBUG_INFO = NO;
				MTL_FAST_MATH = YES;
				SDKROOT = iphoneos;
				SWIFT_COMPILATION_MODE = wholemodule;
				SWIFT_OPTIMIZATION_LEVEL = "-O";
				VALIDATE_PRODUCT = YES;
			};
			name = Release;
		};
		63E1521228BF3E72003822BA /* Debug */ = {
			isa = XCBuildConfiguration;
			buildSettings = {
				ASSETCATALOG_COMPILER_APPICON_NAME = AppIcon;
				ASSETCATALOG_COMPILER_GLOBAL_ACCENT_COLOR_NAME = AccentColor;
				CODE_SIGN_STYLE = Automatic;
				CURRENT_PROJECT_VERSION = 1;
				DEVELOPMENT_TEAM = QV329P6X5G;
				GENERATE_INFOPLIST_FILE = YES;
				INFOPLIST_FILE = Memo/Info.plist;
				INFOPLIST_KEY_UIApplicationSupportsIndirectInputEvents = YES;
				INFOPLIST_KEY_UILaunchStoryboardName = LaunchScreen;
				INFOPLIST_KEY_UISupportedInterfaceOrientations = UIInterfaceOrientationPortrait;
				INFOPLIST_KEY_UISupportedInterfaceOrientations_iPad = "UIInterfaceOrientationPortrait UIInterfaceOrientationPortraitUpsideDown UIInterfaceOrientationLandscapeLeft UIInterfaceOrientationLandscapeRight";
				INFOPLIST_KEY_UISupportedInterfaceOrientations_iPhone = UIInterfaceOrientationPortrait;
				IPHONEOS_DEPLOYMENT_TARGET = 13.0;
				LD_RUNPATH_SEARCH_PATHS = (
					"$(inherited)",
					"@executable_path/Frameworks",
				);
				MARKETING_VERSION = 1.0;
				PRODUCT_BUNDLE_IDENTIFIER = com.jj.Memo;
				PRODUCT_NAME = "$(TARGET_NAME)";
				SWIFT_EMIT_LOC_STRINGS = YES;
				SWIFT_VERSION = 5.0;
				TARGETED_DEVICE_FAMILY = 1;
			};
			name = Debug;
		};
		63E1521328BF3E72003822BA /* Release */ = {
			isa = XCBuildConfiguration;
			buildSettings = {
				ASSETCATALOG_COMPILER_APPICON_NAME = AppIcon;
				ASSETCATALOG_COMPILER_GLOBAL_ACCENT_COLOR_NAME = AccentColor;
				CODE_SIGN_STYLE = Automatic;
				CURRENT_PROJECT_VERSION = 1;
				DEVELOPMENT_TEAM = QV329P6X5G;
				GENERATE_INFOPLIST_FILE = YES;
				INFOPLIST_FILE = Memo/Info.plist;
				INFOPLIST_KEY_UIApplicationSupportsIndirectInputEvents = YES;
				INFOPLIST_KEY_UILaunchStoryboardName = LaunchScreen;
				INFOPLIST_KEY_UISupportedInterfaceOrientations = UIInterfaceOrientationPortrait;
				INFOPLIST_KEY_UISupportedInterfaceOrientations_iPad = "UIInterfaceOrientationPortrait UIInterfaceOrientationPortraitUpsideDown UIInterfaceOrientationLandscapeLeft UIInterfaceOrientationLandscapeRight";
				INFOPLIST_KEY_UISupportedInterfaceOrientations_iPhone = UIInterfaceOrientationPortrait;
				IPHONEOS_DEPLOYMENT_TARGET = 13.0;
				LD_RUNPATH_SEARCH_PATHS = (
					"$(inherited)",
					"@executable_path/Frameworks",
				);
				MARKETING_VERSION = 1.0;
				PRODUCT_BUNDLE_IDENTIFIER = com.jj.Memo;
				PRODUCT_NAME = "$(TARGET_NAME)";
				SWIFT_EMIT_LOC_STRINGS = YES;
				SWIFT_VERSION = 5.0;
				TARGETED_DEVICE_FAMILY = 1;
			};
			name = Release;
		};
/* End XCBuildConfiguration section */

/* Begin XCConfigurationList section */
		63E151F828BF3E70003822BA /* Build configuration list for PBXProject "Memo" */ = {
			isa = XCConfigurationList;
			buildConfigurations = (
				63E1520F28BF3E72003822BA /* Debug */,
				63E1521028BF3E72003822BA /* Release */,
			);
			defaultConfigurationIsVisible = 0;
			defaultConfigurationName = Release;
		};
		63E1521128BF3E72003822BA /* Build configuration list for PBXNativeTarget "Memo" */ = {
			isa = XCConfigurationList;
			buildConfigurations = (
				63E1521228BF3E72003822BA /* Debug */,
				63E1521328BF3E72003822BA /* Release */,
			);
			defaultConfigurationIsVisible = 0;
			defaultConfigurationName = Release;
		};
/* End XCConfigurationList section */

/* Begin XCRemoteSwiftPackageReference section */
		63BFFED128C09B120045D44A /* XCRemoteSwiftPackageReference "SnapKit" */ = {
			isa = XCRemoteSwiftPackageReference;
			repositoryURL = "https://github.com/SnapKit/SnapKit.git";
			requirement = {
				kind = upToNextMajorVersion;
				minimumVersion = 5.0.0;
			};
		};
		63BFFED428C09B3B0045D44A /* XCRemoteSwiftPackageReference "realm-swift" */ = {
			isa = XCRemoteSwiftPackageReference;
			repositoryURL = "https://github.com/realm/realm-swift.git";
			requirement = {
				kind = upToNextMajorVersion;
				minimumVersion = 10.0.0;
			};
		};
/* End XCRemoteSwiftPackageReference section */

/* Begin XCSwiftPackageProductDependency section */
		63BFFED228C09B120045D44A /* SnapKit */ = {
			isa = XCSwiftPackageProductDependency;
			package = 63BFFED128C09B120045D44A /* XCRemoteSwiftPackageReference "SnapKit" */;
			productName = SnapKit;
		};
		63BFFED528C09B3B0045D44A /* Realm */ = {
			isa = XCSwiftPackageProductDependency;
			package = 63BFFED428C09B3B0045D44A /* XCRemoteSwiftPackageReference "realm-swift" */;
			productName = Realm;
		};
		63BFFED728C09B3B0045D44A /* RealmSwift */ = {
			isa = XCSwiftPackageProductDependency;
			package = 63BFFED428C09B3B0045D44A /* XCRemoteSwiftPackageReference "realm-swift" */;
			productName = RealmSwift;
		};
/* End XCSwiftPackageProductDependency section */
	};
	rootObject = 63E151F528BF3E70003822BA /* Project object */;
}
